{
  "lockfileVersion": 1,
  "workspaces": {
    "": {
      "name": "bun-react-template",
      "dependencies": {
        "@graphql-yoga/node": "^3.9.1",
        "bun-plugin-tailwind": "^0.0.14",
        "hono": "^4.8.4",
        "react": "^19",
        "react-dom": "^19",
        "tailwindcss": "^4.0.6",
      },
      "devDependencies": {
        "@types/bun": "latest",
        "@types/react": "^19",
        "@types/react-dom": "^19",
      },
    },
  },
  "packages": {
    "@envelop/core": ["@envelop/core@3.0.6", "", { "dependencies": { "@envelop/types": "3.0.2", "tslib": "^2.5.0" } }, "sha512-06t1xCPXq6QFN7W1JUEf68aCwYN0OUDNAIoJe7bAqhaoa2vn7NCcuX1VHkJ/OWpmElUgCsRO6RiBbIru1in0Ig=="],

    "@envelop/types": ["@envelop/types@3.0.2", "", { "dependencies": { "tslib": "^2.5.0" } }, "sha512-pOFea9ha0EkURWxJ/35axoH9fDGP5S2cUu/5Mmo9pb8zUf+TaEot8vB670XXihFEn/92759BMjLJNWBKmNhyng=="],

    "@envelop/validation-cache": ["@envelop/validation-cache@5.1.3", "", { "dependencies": { "hash-it": "^6.0.0", "lru-cache": "^6.0.0", "tslib": "^2.5.0" }, "peerDependencies": { "@envelop/core": "^3.0.6", "graphql": "^14.0.0 || ^15.0.0 || ^16.0.0" } }, "sha512-MkzcScQHJJQ/9YCAPdWShEi3xZv4F4neTs+NszzSrZOdlU8z/THuRt7gZ0sO0y2be+sx+SKjHQP8Gq3VXXcTTg=="],

    "@graphql-tools/executor": ["@graphql-tools/executor@0.0.18", "", { "dependencies": { "@graphql-tools/utils": "^9.2.1", "@graphql-typed-document-node/core": "3.2.0", "@repeaterjs/repeater": "3.0.4", "tslib": "^2.4.0", "value-or-promise": "1.0.12" }, "peerDependencies": { "graphql": "^14.0.0 || ^15.0.0 || ^16.0.0 || ^17.0.0" } }, "sha512-xZC0C+/npXoSHBB5bsJdwxDLgtl1Gu4fL9J2TPQmXoZC3L2N506KJoppf9LgWdHU/xK04luJrhP6WjhfkIN0pQ=="],

    "@graphql-tools/merge": ["@graphql-tools/merge@8.4.2", "", { "dependencies": { "@graphql-tools/utils": "^9.2.1", "tslib": "^2.4.0" }, "peerDependencies": { "graphql": "^14.0.0 || ^15.0.0 || ^16.0.0 || ^17.0.0" } }, "sha512-XbrHAaj8yDuINph+sAfuq3QCZ/tKblrTLOpirK0+CAgNlZUCHs0Fa+xtMUURgwCVThLle1AF7svJCxFizygLsw=="],

    "@graphql-tools/schema": ["@graphql-tools/schema@9.0.19", "", { "dependencies": { "@graphql-tools/merge": "^8.4.1", "@graphql-tools/utils": "^9.2.1", "tslib": "^2.4.0", "value-or-promise": "^1.0.12" }, "peerDependencies": { "graphql": "^14.0.0 || ^15.0.0 || ^16.0.0 || ^17.0.0" } }, "sha512-oBRPoNBtCkk0zbUsyP4GaIzCt8C0aCI4ycIRUL67KK5pOHljKLBBtGT+Jr6hkzA74C8Gco8bpZPe7aWFjiaK2w=="],

    "@graphql-tools/utils": ["@graphql-tools/utils@9.2.1", "", { "dependencies": { "@graphql-typed-document-node/core": "^3.1.1", "tslib": "^2.4.0" }, "peerDependencies": { "graphql": "^14.0.0 || ^15.0.0 || ^16.0.0 || ^17.0.0" } }, "sha512-WUw506Ql6xzmOORlriNrD6Ugx+HjVgYxt9KCXD9mHAak+eaXSwuGGPyE60hy9xaDEoXKBsG7SkG69ybitaVl6A=="],

    "@graphql-typed-document-node/core": ["@graphql-typed-document-node/core@3.2.0", "", { "peerDependencies": { "graphql": "^0.8.0 || ^0.9.0 || ^0.10.0 || ^0.11.0 || ^0.12.0 || ^0.13.0 || ^14.0.0 || ^15.0.0 || ^16.0.0 || ^17.0.0" } }, "sha512-mB9oAsNCm9aM3/SOv4YtBMqZbYj10R7dkq8byBqxGY/ncFwhf2oQzMV+LCRlWoDSEBJ3COiR1yeDvMtsoOsuFQ=="],

    "@graphql-yoga/logger": ["@graphql-yoga/logger@0.0.1", "", { "dependencies": { "tslib": "^2.3.1" } }, "sha512-6npFz7eZz33mXgSm1waBLMjUNG0D5hTc/p5Hcs1mojkT3KsLpCOFokzTEKboNsBhKevYcaVa/xeA7WBj4UYMLg=="],

    "@graphql-yoga/node": ["@graphql-yoga/node@3.9.1", "", { "dependencies": { "graphql-yoga": "3.9.1", "tslib": "^2.3.1" }, "peerDependencies": { "graphql": "^15.2.0 || ^16.0.0" } }, "sha512-+VIvnVipFo1iDFtayng/AANT1XrdixdScpaMxN/aokGPW3N3NMlpOjClxjQSQhlMlvdCWdtafjbAdstYcyY1sA=="],

    "@graphql-yoga/subscription": ["@graphql-yoga/subscription@3.1.0", "", { "dependencies": { "@graphql-yoga/typed-event-target": "^1.0.0", "@repeaterjs/repeater": "^3.0.4", "@whatwg-node/events": "0.0.2", "tslib": "^2.3.1" } }, "sha512-Vc9lh8KzIHyS3n4jBlCbz7zCjcbtQnOBpsymcRvHhFr2cuH+knmRn0EmzimMQ58jQ8kxoRXXC3KJS3RIxSdPIg=="],

    "@graphql-yoga/typed-event-target": ["@graphql-yoga/typed-event-target@1.0.0", "", { "dependencies": { "@repeaterjs/repeater": "^3.0.4", "tslib": "^2.3.1" } }, "sha512-Mqni6AEvl3VbpMtKw+TIjc9qS9a8hKhiAjFtqX488yq5oJtj9TkNlFTIacAVS3vnPiswNsmDiQqvwUOcJgi1DA=="],

    "@peculiar/asn1-schema": ["@peculiar/asn1-schema@2.3.15", "", { "dependencies": { "asn1js": "^3.0.5", "pvtsutils": "^1.3.6", "tslib": "^2.8.1" } }, "sha512-QPeD8UA8axQREpgR5UTAfu2mqQmm97oUqahDtNdBcfj3qAnoXzFdQW+aNf/tD2WVXF8Fhmftxoj0eMIT++gX2w=="],

    "@peculiar/json-schema": ["@peculiar/json-schema@1.1.12", "", { "dependencies": { "tslib": "^2.0.0" } }, "sha512-coUfuoMeIB7B8/NMekxaDzLhaYmp0HZNPEjYRm9goRou8UZIC3z21s0sL9AWoCw4EG876QyO3kYrc61WNF9B/w=="],

    "@peculiar/webcrypto": ["@peculiar/webcrypto@1.5.0", "", { "dependencies": { "@peculiar/asn1-schema": "^2.3.8", "@peculiar/json-schema": "^1.1.12", "pvtsutils": "^1.3.5", "tslib": "^2.6.2", "webcrypto-core": "^1.8.0" } }, "sha512-BRs5XUAwiyCDQMsVA9IDvDa7UBR9gAvPHgugOeGng3YN6vJ9JYonyDc0lNczErgtCWtucjR5N7VtaonboD/ezg=="],

    "@repeaterjs/repeater": ["@repeaterjs/repeater@3.0.4", "", {}, "sha512-AW8PKd6iX3vAZ0vA43nOUOnbq/X5ihgU+mSXXqunMkeQADGiqw/PY0JNeYtD5sr0PAy51YPgAPbDoeapv9r8WA=="],

    "@types/bun": ["@types/bun@1.2.18", "", { "dependencies": { "bun-types": "1.2.18" } }, "sha512-Xf6RaWVheyemaThV0kUfaAUvCNokFr+bH8Jxp+tTZfx7dAPA8z9ePnP9S9+Vspzuxxx9JRAXhnyccRj3GyCMdQ=="],

    "@types/node": ["@types/node@24.0.13", "", { "dependencies": { "undici-types": "~7.8.0" } }, "sha512-Qm9OYVOFHFYg3wJoTSrz80hoec5Lia/dPp84do3X7dZvLikQvM1YpmvTBEdIr/e+U8HTkFjLHLnl78K/qjf+jQ=="],

    "@types/react": ["@types/react@19.1.8", "", { "dependencies": { "csstype": "^3.0.2" } }, "sha512-AwAfQ2Wa5bCx9WP8nZL2uMZWod7J7/JSplxbTmBQ5ms6QpqNYm672H0Vu9ZVKVngQ+ii4R/byguVEUZQyeg44g=="],

    "@types/react-dom": ["@types/react-dom@19.1.6", "", { "peerDependencies": { "@types/react": "^19.0.0" } }, "sha512-4hOiT/dwO8Ko0gV1m/TJZYk3y0KBnY9vzDh7W+DH17b2HFSOGgdj33dhihPeuy3l0q23+4e+hoXHV6hCC4dCXw=="],

    "@whatwg-node/events": ["@whatwg-node/events@0.0.2", "", {}, "sha512-WKj/lI4QjnLuPrim0cfO7i+HsDSXHxNv1y0CrJhdntuO3hxWZmnXCwNDnwOvry11OjRin6cgWNF+j/9Pn8TN4w=="],

    "@whatwg-node/fetch": ["@whatwg-node/fetch@0.8.8", "", { "dependencies": { "@peculiar/webcrypto": "^1.4.0", "@whatwg-node/node-fetch": "^0.3.6", "busboy": "^1.6.0", "urlpattern-polyfill": "^8.0.0", "web-streams-polyfill": "^3.2.1" } }, "sha512-CdcjGC2vdKhc13KKxgsc6/616BQ7ooDIgPeTuAiE8qfCnS0mGzcfCOoZXypQSz73nxI+GWc7ZReIAVhxoE1KCg=="],

    "@whatwg-node/node-fetch": ["@whatwg-node/node-fetch@0.3.6", "", { "dependencies": { "@whatwg-node/events": "^0.0.3", "busboy": "^1.6.0", "fast-querystring": "^1.1.1", "fast-url-parser": "^1.1.3", "tslib": "^2.3.1" } }, "sha512-w9wKgDO4C95qnXZRwZTfCmLWqyRnooGjcIwG0wADWjw9/HN0p7dtvtgSvItZtUyNteEvgTrd8QojNEqV6DAGTA=="],

    "@whatwg-node/server": ["@whatwg-node/server@0.7.7", "", { "dependencies": { "@whatwg-node/fetch": "^0.8.3", "tslib": "^2.3.1" } }, "sha512-aHURgNDFm/48WVV3vhTMfnEKCYwYgdaRdRhZsQZx4UVFjGGkGay7Ys0+AYu9QT/jpoImv2oONkstoTMUprDofg=="],

    "asn1js": ["asn1js@3.0.6", "", { "dependencies": { "pvtsutils": "^1.3.6", "pvutils": "^1.1.3", "tslib": "^2.8.1" } }, "sha512-UOCGPYbl0tv8+006qks/dTgV9ajs97X2p0FAbyS2iyCRrmLSRolDaHdp+v/CLgnzHc3fVB+CwYiUmei7ndFcgA=="],

    "bun-plugin-tailwind": ["bun-plugin-tailwind@0.0.14", "", { "dependencies": { "tailwindcss": "4.0.0-beta.9" }, "peerDependencies": { "typescript": "^5.0.0" } }, "sha512-Ge8M8DQsRDErCzH/uI8pYjx5vZWXxQvnwM/xMQMElxQqHieGbAopfYo/q/kllkPkRbFHiwhnHwTpRMAMJZCjug=="],

    "bun-types": ["bun-types@1.2.18", "", { "dependencies": { "@types/node": "*" }, "peerDependencies": { "@types/react": "^19" } }, "sha512-04+Eha5NP7Z0A9YgDAzMk5PHR16ZuLVa83b26kH5+cp1qZW4F6FmAURngE7INf4tKOvCE69vYvDEwoNl1tGiWw=="],

    "busboy": ["busboy@1.6.0", "", { "dependencies": { "streamsearch": "^1.1.0" } }, "sha512-8SFQbg/0hQ9xy3UNTB0YEnsNBbWfhf7RtnzpL7TkBiTBRfrQ9Fxcnz7VJsleJpyp6rVLvXiuORqjlHi5q+PYuA=="],

    "csstype": ["csstype@3.1.3", "", {}, "sha512-M1uQkMl8rQK/szD0LNhtqxIPLpimGm8sOBwU7lLnCpSbTyY3yeU1Vc7l4KT5zT4s/yOxHH5O7tIuuLOCnLADRw=="],

    "dset": ["dset@3.1.4", "", {}, "sha512-2QF/g9/zTaPDc3BjNcVTGoBbXBgYfMTTceLaYcFJ/W9kggFUkhxD/hMEeuLKbugyef9SqAx8cpgwlIP/jinUTA=="],

    "fast-decode-uri-component": ["fast-decode-uri-component@1.0.1", "", {}, "sha512-WKgKWg5eUxvRZGwW8FvfbaH7AXSh2cL+3j5fMGzUMCxWBJ3dV3a7Wz8y2f/uQ0e3B6WmodD3oS54jTQ9HVTIIg=="],

    "fast-querystring": ["fast-querystring@1.1.2", "", { "dependencies": { "fast-decode-uri-component": "^1.0.1" } }, "sha512-g6KuKWmFXc0fID8WWH0jit4g0AGBoJhCkJMb1RmbsSEUNvQ+ZC8D6CUZ+GtF8nMzSPXnhiePyyqqipzNNEnHjg=="],

    "fast-url-parser": ["fast-url-parser@1.1.3", "", { "dependencies": { "punycode": "^1.3.2" } }, "sha512-5jOCVXADYNuRkKFzNJ0dCCewsZiYo0dz8QNYljkOpFC6r2U4OBmKtvm/Tsuh4w1YYdDqDb31a8TVhBJ2OJKdqQ=="],

    "graphql": ["graphql@16.11.0", "", {}, "sha512-mS1lbMsxgQj6hge1XZ6p7GPhbrtFwUFYi3wRzXAC/FmYnyXMTvvI3td3rjmQ2u8ewXueaSvRPWaEcgVVOT9Jnw=="],

    "graphql-yoga": ["graphql-yoga@3.9.1", "", { "dependencies": { "@envelop/core": "^3.0.4", "@envelop/validation-cache": "^5.1.2", "@graphql-tools/executor": "^0.0.18", "@graphql-tools/schema": "^9.0.18", "@graphql-tools/utils": "^9.2.1", "@graphql-yoga/logger": "^0.0.1", "@graphql-yoga/subscription": "^3.1.0", "@whatwg-node/fetch": "^0.8.4", "@whatwg-node/server": "^0.7.3", "dset": "^3.1.1", "lru-cache": "^7.14.1", "tslib": "^2.3.1" }, "peerDependencies": { "graphql": "^15.2.0 || ^16.0.0" } }, "sha512-BB6EkN64VBTXWmf9Kym2OsVZFzBC0mAsQNo9eNB5xIr3t+x7qepQ34xW5A353NWol3Js3xpzxwIKFVF6l9VsPg=="],

    "hash-it": ["hash-it@6.0.0", "", {}, "sha512-KHzmSFx1KwyMPw0kXeeUD752q/Kfbzhy6dAZrjXV9kAIXGqzGvv8vhkUqj+2MGZldTo0IBpw6v7iWE7uxsvH0w=="],

    "hono": ["hono@4.8.4", "", {}, "sha512-KOIBp1+iUs0HrKztM4EHiB2UtzZDTBihDtOF5K6+WaJjCPeaW4Q92R8j63jOhvJI5+tZSMuKD9REVEXXY9illg=="],

    "lru-cache": ["lru-cache@7.18.3", "", {}, "sha512-jumlc0BIUrS3qJGgIkWZsyfAM7NCWiBcCDhnd+3NNM5KbBmLTgHVfWBcg6W+rLUsIpzpERPsvwUP7CckAQSOoA=="],

    "punycode": ["punycode@1.4.1", "", {}, "sha512-jmYNElW7yvO7TV33CjSmvSiE2yco3bV2czu/OzDKdMNVZQWfxCblURLhf+47syQRBntjfLdd/H0egrzIG+oaFQ=="],

    "pvtsutils": ["pvtsutils@1.3.6", "", { "dependencies": { "tslib": "^2.8.1" } }, "sha512-PLgQXQ6H2FWCaeRak8vvk1GW462lMxB5s3Jm673N82zI4vqtVUPuZdffdZbPDFRoU8kAhItWFtPCWiPpp4/EDg=="],

    "pvutils": ["pvutils@1.1.3", "", {}, "sha512-pMpnA0qRdFp32b1sJl1wOJNxZLQ2cbQx+k6tjNtZ8CpvVhNqEPRgivZ2WOUev2YMajecdH7ctUPDvEe87nariQ=="],

    "react": ["react@19.1.0", "", {}, "sha512-FS+XFBNvn3GTAWq26joslQgWNoFu08F4kl0J4CgdNKADkdSGXQyTCnKteIAJy96Br6YbpEU1LSzV5dYtjMkMDg=="],

    "react-dom": ["react-dom@19.1.0", "", { "dependencies": { "scheduler": "^0.26.0" }, "peerDependencies": { "react": "^19.1.0" } }, "sha512-Xs1hdnE+DyKgeHJeJznQmYMIBG3TKIHJJT95Q58nHLSrElKlGQqDTR2HQ9fx5CN/Gk6Vh/kupBTDLU11/nDk/g=="],

    "scheduler": ["scheduler@0.26.0", "", {}, "sha512-NlHwttCI/l5gCPR3D1nNXtWABUmBwvZpEQiD4IXSbIDq8BzLIK/7Ir5gTFSGZDUu37K5cMNp0hFtzO38sC7gWA=="],

    "streamsearch": ["streamsearch@1.1.0", "", {}, "sha512-Mcc5wHehp9aXz1ax6bZUyY5afg9u2rv5cqQI3mRrYkGC8rW2hM02jWuwjtL++LS5qinSyhj2QfLyNsuc+VsExg=="],

    "tailwindcss": ["tailwindcss@4.1.11", "", {}, "sha512-2E9TBm6MDD/xKYe+dvJZAmg3yxIEDNRc0jwlNyDg/4Fil2QcSLjFKGVff0lAf1jjeaArlG/M75Ey/EYr/OJtBA=="],

    "tslib": ["tslib@2.8.1", "", {}, "sha512-oJFu94HQb+KVduSUQL7wnpmqnfmLsOA/nAh6b6EH0wCEoK0/mPeXU6c3wKDV83MkOuHPRHtSXKKU99IBazS/2w=="],

    "typescript": ["typescript@5.8.3", "", { "bin": { "tsc": "bin/tsc", "tsserver": "bin/tsserver" } }, "sha512-p1diW6TqL9L07nNxvRMM7hMMw4c5XOo/1ibL4aAIGmSAt9slTE1Xgw5KWuof2uTOvCg9BY7ZRi+GaF+7sfgPeQ=="],

    "undici-types": ["undici-types@7.8.0", "", {}, "sha512-9UJ2xGDvQ43tYyVMpuHlsgApydB8ZKfVYTsLDhXkFL/6gfkp+U8xTGdh8pMJv1SpZna0zxG1DwsKZsreLbXBxw=="],

    "urlpattern-polyfill": ["urlpattern-polyfill@8.0.2", "", {}, "sha512-Qp95D4TPJl1kC9SKigDcqgyM2VDVO4RiJc2d4qe5GrYm+zbIQCWWKAFaJNQ4BhdFeDGwBmAxqJBwWSJDb9T3BQ=="],

    "value-or-promise": ["value-or-promise@1.0.12", "", {}, "sha512-Z6Uz+TYwEqE7ZN50gwn+1LCVo9ZVrpxRPOhOLnncYkY1ZzOYtrX8Fwf/rFktZ8R5mJms6EZf5TqNOMeZmnPq9Q=="],

    "web-streams-polyfill": ["web-streams-polyfill@3.3.3", "", {}, "sha512-d2JWLCivmZYTSIoge9MsgFCZrt571BikcWGYkjC1khllbTeDlGqZ2D8vD8E/lJa8WGWbb7Plm8/XJYV7IJHZZw=="],

    "webcrypto-core": ["webcrypto-core@1.8.1", "", { "dependencies": { "@peculiar/asn1-schema": "^2.3.13", "@peculiar/json-schema": "^1.1.12", "asn1js": "^3.0.5", "pvtsutils": "^1.3.5", "tslib": "^2.7.0" } }, "sha512-P+x1MvlNCXlKbLSOY4cYrdreqPG5hbzkmawbcXLKN/mf6DZW0SdNNkZ+sjwsqVkI4A4Ko2sPZmkZtCKY58w83A=="],

    "yallist": ["yallist@4.0.0", "", {}, "sha512-3wdGidZyq5PB084XLES5TpOSRA3wjXAlIWMhum2kRcv/41Sn2emQ0dycQW4uZXLejwKvg6EsvbdlVL+FYEct7A=="],

    "@envelop/validation-cache/lru-cache": ["lru-cache@6.0.0", "", { "dependencies": { "yallist": "^4.0.0" } }, "sha512-Jo6dJ04CmSjuznwJSS3pUeWmd/H0ffTlkXXgwZi+eq1UCmqQwCh+eLsYOYCwY991i2Fah4h1BEMCx4qThGbsiA=="],

    "@whatwg-node/node-fetch/@whatwg-node/events": ["@whatwg-node/events@0.0.3", "", {}, "sha512-IqnKIDWfXBJkvy/k6tzskWTc2NK3LcqHlb+KHGCrjOCH4jfQckRX0NAiIcC/vIqQkzLYw2r2CTSwAxcrtcD6lA=="],

    "bun-plugin-tailwind/tailwindcss": ["tailwindcss@4.0.0-beta.9", "", {}, "sha512-96KpsfQi+/sFIOfyFnGzyy5pobuzf1iMBD9NVtelerPM/lPI2XUS4Kikw9yuKRniXXw77ov1sl7gCSKLsn6CJA=="],
  }
}
